PODS:
  - Alamofire (4.8.0)
  - Kingfisher (5.0.0)
  - ObjectMapper (3.4.1)
  - SwiftyJSON (4.2.0)

DEPENDENCIES:
  - Alamofire
  - Kingfisher
  - ObjectMapper
  - SwiftyJSON

SPEC REPOS:
  https://github.com/cocoapods/specs.git:
    - Alamofire
    - Kingfisher
    - ObjectMapper
    - SwiftyJSON

SPEC CHECKSUMS:
  Alamofire: 3ec537f71edc9804815215393ae2b1a8ea33a844
  Kingfisher: 2b0dd651e4fe5a07305b8242fde56f8e2d410f58
  ObjectMapper: 5311bd50ca732930959e7ca1a2de43ab823a5ced
  SwiftyJSON: c4bcba26dd9ec7a027fc8eade48e2c911f229e96

PODFILE CHECKSUM: 7463e84cf36faf2a4dbc24d27f610abc4c91f052

COCOAPODS: 1.5.3
